
Microsoft Visual Studio Solution File, Format Version 12.00
# Visual Studio Version 16
VisualStudioVersion = 16.0.29519.87
MinimumVisualStudioVersion = 10.0.40219.1
Project("{FAE04EC0-301F-11D3-BF4B-00C04F79EFBC}") = "apng2png", "apng2png\apng2png.csproj", "{FEEFDEEC-8A2D-4272-B587-808DE3AB977F}"
EndProject
Global
	GlobalSection(SolutionConfigurationPlatforms) = preSolution
		Debug|Any CPU = Debug|Any CPU
		Release|Any CPU = Release|Any CPU
	EndGlobalSection
	GlobalSection(ProjectConfigurationPlatforms) = postSolution
		{FEEFDEEC-8A2D-4272-B587-808DE3AB977F}.Debug|Any CPU.ActiveCfg = Debug|Any CPU
		{FEEFDEEC-8A2D-4272-B587-808DE3AB977F}.Debug|Any CPU.Build.0 = Debug|Any CPU
		{FEEFDEEC-8A2D-4272-B587-808DE3AB977F}.Release|Any CPU.ActiveCfg = Release|Any CPU
		{FEEFDEEC-8A2D-4272-B587-808DE3AB977F}.Release|Any CPU.Build.0 = Release|Any CPU
	EndGlobalSection
	GlobalSection(SolutionProperties) = preSolution
		HideSolutionNode = FALSE
	EndGlobalSection
	GlobalSection(ExtensibilityGlobals) = postSolution
		SolutionGuid = {EC29B609-AC87-4912-BF24-441145521575}
	EndGlobalSection
EndGlobal
